# THIS IS AN AUTOGENERATED FILE. DO NOT EDIT THIS FILE DIRECTLY.
# yarn lockfile v1


"@types/big.js@^6.2.2":
  version "6.2.2"
  resolved "https://registry.yarnpkg.com/@types/big.js/-/big.js-6.2.2.tgz#69422ec9ef59df1330ccfde2106d9e1159a083c3"
  integrity sha512-e2cOW9YlVzFY2iScnGBBkplKsrn2CsObHQ2Hiw4V1sSyiGbgWL8IyqE3zFi1Pt5o1pdAtYkDAIsF3KKUPjdzaA==

big.js@^6.2.1:
  version "6.2.1"
  resolved "https://registry.yarnpkg.com/big.js/-/big.js-6.2.1.tgz#7205ce763efb17c2e41f26f121c420c6a7c2744f"
  integrity sha512-bCtHMwL9LeDIozFn+oNhhFoq+yQ3BNdnsLSASUxLciOb1vgvpHsIO1dsENiGMgbb4SkP5TrzWzRiLddn8ahVOQ==

typescript@^5.3.3:
  version "5.5.3"
  resolved "https://registry.yarnpkg.com/typescript/-/typescript-5.5.3.tgz#e1b0a3c394190838a0b168e771b0ad56a0af0faa"
  integrity sha512-/hreyEujaB0w76zKo6717l3L0o/qEUtRgdvUBvlkhoWeOVMjMuHNHk0BRBzikzuGDqNmPQbg5ifMEqsHLiIUcQ==
